
Microsoft Visual Studio Solution File, Format Version 12.00
# Visual Studio Version 16
VisualStudioVersion = 16.0.30011.22
MinimumVisualStudioVersion = 10.0.40219.1
Project("{FAE04EC0-301F-11D3-BF4B-00C04F79EFBC}") = "DtxFileCryptography", "DtxFileCryptography\DtxFileCryptography.csproj", "{12FB241B-25CA-492B-AFD9-D6286BEEC504}"
EndProject
Global
	GlobalSection(SolutionConfigurationPlatforms) = preSolution
		Debug|Any CPU = Debug|Any CPU
		Release|Any CPU = Release|Any CPU
	EndGlobalSection
	GlobalSection(ProjectConfigurationPlatforms) = postSolution
		{12FB241B-25CA-492B-AFD9-D6286BEEC504}.Debug|Any CPU.ActiveCfg = Debug|Any CPU
		{12FB241B-25CA-492B-AFD9-D6286BEEC504}.Debug|Any CPU.Build.0 = Debug|Any CPU
		{12FB241B-25CA-492B-AFD9-D6286BEEC504}.Release|Any CPU.ActiveCfg = Release|Any CPU
		{12FB241B-25CA-492B-AFD9-D6286BEEC504}.Release|Any CPU.Build.0 = Release|Any CPU
	EndGlobalSection
	GlobalSection(SolutionProperties) = preSolution
		HideSolutionNode = FALSE
	EndGlobalSection
	GlobalSection(ExtensibilityGlobals) = postSolution
		SolutionGuid = {05F94EB0-FC07-4764-9DB6-7157B90BB1AD}
	EndGlobalSection
EndGlobal
